
Microsoft Visual Studio Solution File, Format Version 12.00
# Visual Studio Version 16
VisualStudioVersion = 16.0.29613.14
MinimumVisualStudioVersion = 10.0.40219.1
Project("{FAE04EC0-301F-11D3-BF4B-00C04F79EFBC}") = "Bootstrap_Menu_Hover", "Bootstrap_Menu_Hover\Bootstrap_Menu_Hover.csproj", "{64963A6F-55B6-4804-9AA4-EB5F25ADF643}"
EndProject
Global
	GlobalSection(SolutionConfigurationPlatforms) = preSolution
		Debug|Any CPU = Debug|Any CPU
		Release|Any CPU = Release|Any CPU
	EndGlobalSection
	GlobalSection(ProjectConfigurationPlatforms) = postSolution
		{64963A6F-55B6-4804-9AA4-EB5F25ADF643}.Debug|Any CPU.ActiveCfg = Debug|Any CPU
		{64963A6F-55B6-4804-9AA4-EB5F25ADF643}.Debug|Any CPU.Build.0 = Debug|Any CPU
		{64963A6F-55B6-4804-9AA4-EB5F25ADF643}.Release|Any CPU.ActiveCfg = Release|Any CPU
		{64963A6F-55B6-4804-9AA4-EB5F25ADF643}.Release|Any CPU.Build.0 = Release|Any CPU
	EndGlobalSection
	GlobalSection(SolutionProperties) = preSolution
		HideSolutionNode = FALSE
	EndGlobalSection
	GlobalSection(ExtensibilityGlobals) = postSolution
		SolutionGuid = {D3070ABD-216E-422C-96BD-DF7EB6508F24}
	EndGlobalSection
EndGlobal
